
Microsoft Visual Studio Solution File, Format Version 12.00
# Visual Studio Version 17
VisualStudioVersion = 17.6.33829.357
MinimumVisualStudioVersion = 10.0.40219.1
Project("{FAE04EC0-301F-11D3-BF4B-00C04F79EFBC}") = "MeridianTest", "MeridianTest\MeridianTest.csproj", "{0E42AF69-D323-43B5-9999-A76496AE5401}"
EndProject
Global
	GlobalSection(SolutionConfigurationPlatforms) = preSolution
		Debug|Any CPU = Debug|Any CPU
		Release|Any CPU = Release|Any CPU
	EndGlobalSection
	GlobalSection(ProjectConfigurationPlatforms) = postSolution
		{0E42AF69-D323-43B5-9999-A76496AE5401}.Debug|Any CPU.ActiveCfg = Debug|Any CPU
		{0E42AF69-D323-43B5-9999-A76496AE5401}.Debug|Any CPU.Build.0 = Debug|Any CPU
		{0E42AF69-D323-43B5-9999-A76496AE5401}.Release|Any CPU.ActiveCfg = Release|Any CPU
		{0E42AF69-D323-43B5-9999-A76496AE5401}.Release|Any CPU.Build.0 = Release|Any CPU
	EndGlobalSection
	GlobalSection(SolutionProperties) = preSolution
		HideSolutionNode = FALSE
	EndGlobalSection
	GlobalSection(ExtensibilityGlobals) = postSolution
		SolutionGuid = {92CE1881-FA8B-44B9-9DCE-6DD892AEE0AC}
	EndGlobalSection
EndGlobal
